
Microsoft Visual Studio Solution File, Format Version 12.00
# Visual Studio Version 16
VisualStudioVersion = 16.0.29519.181
MinimumVisualStudioVersion = 10.0.40219.1
Project("{9A19103F-16F7-4668-BE54-9A1E7A4F7556}") = "CSharpCompiler.Demos.NoConstructor", "src\CSharpCompiler.Demos.NoConstructor\CSharpCompiler.Demos.NoConstructor.csproj", "{188A2552-DDED-429D-9FCF-2B2F446908F6}"
EndProject
Project("{9A19103F-16F7-4668-BE54-9A1E7A4F7556}") = "CSharpCompiler.Demos.EvilString", "src\CSharpCompiler.Demos.EvilString\CSharpCompiler.Demos.EvilString.csproj", "{FF7FDD74-A9CD-4BDA-A98E-AF04AC4F0EE9}"
EndProject
Project("{FAE04EC0-301F-11D3-BF4B-00C04F79EFBC}") = "CSharpCompiler.Demos.Polyfill", "src\CSharpCompiler.Demos.Polyfill\CSharpCompiler.Demos.Polyfill.csproj", "{B80EE025-99F7-4897-AA79-3FEA12E6022E}"
EndProject
Project("{9A19103F-16F7-4668-BE54-9A1E7A4F7556}") = "CSharpCompiler.Demos.Finally", "src\CSharpCompiler.Demos.Finally\CSharpCompiler.Demos.Finally.csproj", "{0E3A22B4-830D-46AE-AAC8-DC28C052F096}"
EndProject
Project("{9A19103F-16F7-4668-BE54-9A1E7A4F7556}") = "CSharpCompiler.Demos.StructLayout", "src\CSharpCompiler.Demos.StructLayout\CSharpCompiler.Demos.StructLayout.csproj", "{43726486-6B04-4A13-B874-29596B8D0BAA}"
EndProject
Project("{FAE04EC0-301F-11D3-BF4B-00C04F79EFBC}") = "CSharpCompiler.Demos.InvalidCastAndIL", "src\CSharpCompiler.Demos.InvalidCastAndIL\CSharpCompiler.Demos.InvalidCastAndIL.csproj", "{9FC17966-52D1-415D-86A2-540AA77A43E7}"
EndProject
Project("{FAE04EC0-301F-11D3-BF4B-00C04F79EFBC}") = "CSharpCompiler.Demos.StringMemory", "src\CSharpCompiler.Demos.StringMemory\CSharpCompiler.Demos.StringMemory.csproj", "{3E9C377F-7E0F-426D-ADCB-63185F94585A}"
EndProject
Project("{FAE04EC0-301F-11D3-BF4B-00C04F79EFBC}") = "CSharpCompiler.Demos.This", "src\CSharpCompiler.Demos.This\CSharpCompiler.Demos.This.csproj", "{954263C5-5116-4F09-9273-DCCAD25C1ACF}"
EndProject
Global
	GlobalSection(SolutionConfigurationPlatforms) = preSolution
		Debug|Any CPU = Debug|Any CPU
		Release|Any CPU = Release|Any CPU
	EndGlobalSection
	GlobalSection(ProjectConfigurationPlatforms) = postSolution
		{188A2552-DDED-429D-9FCF-2B2F446908F6}.Debug|Any CPU.ActiveCfg = Debug|Any CPU
		{188A2552-DDED-429D-9FCF-2B2F446908F6}.Debug|Any CPU.Build.0 = Debug|Any CPU
		{188A2552-DDED-429D-9FCF-2B2F446908F6}.Release|Any CPU.ActiveCfg = Release|Any CPU
		{188A2552-DDED-429D-9FCF-2B2F446908F6}.Release|Any CPU.Build.0 = Release|Any CPU
		{FF7FDD74-A9CD-4BDA-A98E-AF04AC4F0EE9}.Debug|Any CPU.ActiveCfg = Debug|Any CPU
		{FF7FDD74-A9CD-4BDA-A98E-AF04AC4F0EE9}.Debug|Any CPU.Build.0 = Debug|Any CPU
		{FF7FDD74-A9CD-4BDA-A98E-AF04AC4F0EE9}.Release|Any CPU.ActiveCfg = Release|Any CPU
		{FF7FDD74-A9CD-4BDA-A98E-AF04AC4F0EE9}.Release|Any CPU.Build.0 = Release|Any CPU
		{B80EE025-99F7-4897-AA79-3FEA12E6022E}.Debug|Any CPU.ActiveCfg = Debug|Any CPU
		{B80EE025-99F7-4897-AA79-3FEA12E6022E}.Debug|Any CPU.Build.0 = Debug|Any CPU
		{B80EE025-99F7-4897-AA79-3FEA12E6022E}.Release|Any CPU.ActiveCfg = Release|Any CPU
		{B80EE025-99F7-4897-AA79-3FEA12E6022E}.Release|Any CPU.Build.0 = Release|Any CPU
		{0E3A22B4-830D-46AE-AAC8-DC28C052F096}.Debug|Any CPU.ActiveCfg = Debug|Any CPU
		{0E3A22B4-830D-46AE-AAC8-DC28C052F096}.Debug|Any CPU.Build.0 = Debug|Any CPU
		{0E3A22B4-830D-46AE-AAC8-DC28C052F096}.Release|Any CPU.ActiveCfg = Release|Any CPU
		{0E3A22B4-830D-46AE-AAC8-DC28C052F096}.Release|Any CPU.Build.0 = Release|Any CPU
		{43726486-6B04-4A13-B874-29596B8D0BAA}.Debug|Any CPU.ActiveCfg = Debug|Any CPU
		{43726486-6B04-4A13-B874-29596B8D0BAA}.Debug|Any CPU.Build.0 = Debug|Any CPU
		{43726486-6B04-4A13-B874-29596B8D0BAA}.Release|Any CPU.ActiveCfg = Release|Any CPU
		{43726486-6B04-4A13-B874-29596B8D0BAA}.Release|Any CPU.Build.0 = Release|Any CPU
		{9FC17966-52D1-415D-86A2-540AA77A43E7}.Debug|Any CPU.ActiveCfg = Debug|Any CPU
		{9FC17966-52D1-415D-86A2-540AA77A43E7}.Debug|Any CPU.Build.0 = Debug|Any CPU
		{9FC17966-52D1-415D-86A2-540AA77A43E7}.Release|Any CPU.ActiveCfg = Release|Any CPU
		{9FC17966-52D1-415D-86A2-540AA77A43E7}.Release|Any CPU.Build.0 = Release|Any CPU
		{3E9C377F-7E0F-426D-ADCB-63185F94585A}.Debug|Any CPU.ActiveCfg = Debug|Any CPU
		{3E9C377F-7E0F-426D-ADCB-63185F94585A}.Debug|Any CPU.Build.0 = Debug|Any CPU
		{3E9C377F-7E0F-426D-ADCB-63185F94585A}.Release|Any CPU.ActiveCfg = Release|Any CPU
		{3E9C377F-7E0F-426D-ADCB-63185F94585A}.Release|Any CPU.Build.0 = Release|Any CPU
		{954263C5-5116-4F09-9273-DCCAD25C1ACF}.Debug|Any CPU.ActiveCfg = Debug|Any CPU
		{954263C5-5116-4F09-9273-DCCAD25C1ACF}.Debug|Any CPU.Build.0 = Debug|Any CPU
		{954263C5-5116-4F09-9273-DCCAD25C1ACF}.Release|Any CPU.ActiveCfg = Release|Any CPU
		{954263C5-5116-4F09-9273-DCCAD25C1ACF}.Release|Any CPU.Build.0 = Release|Any CPU
	EndGlobalSection
	GlobalSection(SolutionProperties) = preSolution
		HideSolutionNode = FALSE
	EndGlobalSection
	GlobalSection(ExtensibilityGlobals) = postSolution
		SolutionGuid = {CD7D06D8-CE51-4F2B-885E-BC8CC0B6F431}
	EndGlobalSection
EndGlobal
